{
  "lockfileVersion": 1,
  "configVersion": 1,
  "workspaces": {
    "": {
      "name": "h3nry",
      "devDependencies": {
        "@biomejs/biome": "2.4.11",
        "typescript": "^6.0.2",
      },
    },
    "example": {
      "name": "example",
      "dependencies": {
        "@bunito/bunito": "workspace:*",
        "@bunito/http": "workspace:*",
        "zod": "catalog:",
      },
      "devDependencies": {
        "@bunito/cli": "workspace:*",
      },
    },
    "packages/bunito": {
      "name": "@bunito/bunito",
      "version": "0.0.5",
      "dependencies": {
        "@bunito/common": "workspace:0.0.5",
        "@bunito/config": "workspace:0.0.5",
        "@bunito/container": "workspace:0.0.5",
        "@bunito/logger": "workspace:0.0.5",
      },
    },
    "packages/cli": {
      "name": "@bunito/cli",
      "version": "0.0.5",
      "bin": {
        "bunito": "./src/cli.ts",
      },
      "dependencies": {
        "@bunito/common": "workspace:0.0.5",
        "yargs": "18.0.0",
        "zod": "catalog:",
      },
      "devDependencies": {
        "@types/yargs": "17.0.35",
      },
    },
    "packages/common": {
      "name": "@bunito/common",
      "version": "0.0.5",
    },
    "packages/config": {
      "name": "@bunito/config",
      "version": "0.0.5",
      "dependencies": {
        "@bunito/common": "workspace:0.0.5",
        "@bunito/container": "workspace:0.0.5",
      },
    },
    "packages/container": {
      "name": "@bunito/container",
      "version": "0.0.5",
      "dependencies": {
        "@bunito/common": "workspace:0.0.5",
      },
    },
    "packages/http": {
      "name": "@bunito/http",
      "version": "0.0.5",
      "dependencies": {
        "@bunito/common": "workspace:0.0.5",
        "@bunito/config": "workspace:0.0.5",
        "@bunito/container": "workspace:0.0.5",
        "@bunito/logger": "workspace:0.0.5",
        "@bunito/server": "workspace:0.0.5",
      },
      "devDependencies": {
        "zod": "catalog:",
      },
      "peerDependencies": {
        "zod": "^4.3.0",
      },
    },
    "packages/logger": {
      "name": "@bunito/logger",
      "version": "0.0.5",
      "dependencies": {
        "@bunito/common": "workspace:0.0.5",
        "@bunito/config": "workspace:0.0.5",
        "@bunito/container": "workspace:0.0.5",
      },
    },
    "packages/server": {
      "name": "@bunito/server",
      "version": "0.0.5",
      "dependencies": {
        "@bunito/common": "workspace:0.0.5",
        "@bunito/config": "workspace:0.0.5",
        "@bunito/container": "workspace:0.0.5",
        "@bunito/logger": "workspace:0.0.5",
      },
    },
  },
  "catalog": {
    "zod": "^4.3.6",
  },
  "packages": {
    "@biomejs/biome": ["@biomejs/biome@2.4.11", "", { "optionalDependencies": { "@biomejs/cli-darwin-arm64": "2.4.11", "@biomejs/cli-darwin-x64": "2.4.11", "@biomejs/cli-linux-arm64": "2.4.11", "@biomejs/cli-linux-arm64-musl": "2.4.11", "@biomejs/cli-linux-x64": "2.4.11", "@biomejs/cli-linux-x64-musl": "2.4.11", "@biomejs/cli-win32-arm64": "2.4.11", "@biomejs/cli-win32-x64": "2.4.11" }, "bin": { "biome": "bin/biome" } }, "sha512-nWxHX8tf3Opb/qRgZpBbsTOqOodkbrkJ7S+JxJAruxOReaDPPmPuLBAGQ8vigyUgo0QBB+oQltNEAvalLcjggA=="],

    "@biomejs/cli-darwin-arm64": ["@biomejs/cli-darwin-arm64@2.4.11", "", { "os": "darwin", "cpu": "arm64" }, "sha512-wOt+ed+L2dgZanWyL6i29qlXMc088N11optzpo10peayObBaAshbTcxKUchzEMp9QSY8rh5h6VfAFE3WTS1rqg=="],

    "@biomejs/cli-darwin-x64": ["@biomejs/cli-darwin-x64@2.4.11", "", { "os": "darwin", "cpu": "x64" }, "sha512-gZ6zR8XmZlExfi/Pz/PffmdpWOQ8Qhy7oBztgkR8/ylSRyLwfRPSadmiVCV8WQ8PoJ2MWUy2fgID9zmtgUUJmw=="],

    "@biomejs/cli-linux-arm64": ["@biomejs/cli-linux-arm64@2.4.11", "", { "os": "linux", "cpu": "arm64" }, "sha512-avdJaEElXrKceK0va9FkJ4P5ci3N01TGkc6ni3P8l3BElqbOz42Wg2IyX3gbh0ZLEd4HVKEIrmuVu/AMuSeFFA=="],

    "@biomejs/cli-linux-arm64-musl": ["@biomejs/cli-linux-arm64-musl@2.4.11", "", { "os": "linux", "cpu": "arm64" }, "sha512-+Sbo1OAmlegtdwqFE8iOxFIWLh1B3OEgsuZfBpyyN/kWuqZ8dx9ZEes6zVnDMo+zRHF2wLynRVhoQmV7ohxl2Q=="],

    "@biomejs/cli-linux-x64": ["@biomejs/cli-linux-x64@2.4.11", "", { "os": "linux", "cpu": "x64" }, "sha512-TagWV0iomp5LnEnxWFg4nQO+e52Fow349vaX0Q/PIcX6Zhk4GGBgp3qqZ8PVkpC+cuehRctMf3+6+FgQ8jCEFQ=="],

    "@biomejs/cli-linux-x64-musl": ["@biomejs/cli-linux-x64-musl@2.4.11", "", { "os": "linux", "cpu": "x64" }, "sha512-bexd2IklK7ZgPhrz6jXzpIL6dEAH9MlJU1xGTrypx+FICxrXUp4CqtwfiuoDKse+UlgAlWtzML3jrMqeEAHEhA=="],

    "@biomejs/cli-win32-arm64": ["@biomejs/cli-win32-arm64@2.4.11", "", { "os": "win32", "cpu": "arm64" }, "sha512-RJhaTnY8byzxDt4bDVb7AFPHkPcjOPK3xBip4ZRTrN3TEfyhjLRm3r3mqknqydgVTB74XG8l4jMLwEACEeihVg=="],

    "@biomejs/cli-win32-x64": ["@biomejs/cli-win32-x64@2.4.11", "", { "os": "win32", "cpu": "x64" }, "sha512-A8D3JM/00C2KQgUV3oj8Ba15EHEYwebAGCy5Sf9GAjr5Y3+kJIYOiESoqRDeuRZueuMdCsbLZIUqmPhpYXJE9A=="],

    "@bunito/bunito": ["@bunito/bunito@workspace:packages/bunito"],

    "@bunito/cli": ["@bunito/cli@workspace:packages/cli"],

    "@bunito/common": ["@bunito/common@workspace:packages/common"],

    "@bunito/config": ["@bunito/config@workspace:packages/config"],

    "@bunito/container": ["@bunito/container@workspace:packages/container"],

    "@bunito/http": ["@bunito/http@workspace:packages/http"],

    "@bunito/logger": ["@bunito/logger@workspace:packages/logger"],

    "@bunito/server": ["@bunito/server@workspace:packages/server"],

    "@types/yargs": ["@types/yargs@17.0.35", "", { "dependencies": { "@types/yargs-parser": "*" } }, "sha512-qUHkeCyQFxMXg79wQfTtfndEC+N9ZZg76HJftDJp+qH2tV7Gj4OJi7l+PiWwJ+pWtW8GwSmqsDj/oymhrTWXjg=="],

    "@types/yargs-parser": ["@types/yargs-parser@21.0.3", "", {}, "sha512-I4q9QU9MQv4oEOz4tAHJtNz1cwuLxn2F3xcc2iV5WdqLPpUnj30aUuxt1mAxYTG+oe8CZMV/+6rU4S4gRDzqtQ=="],

    "ansi-regex": ["ansi-regex@6.2.2", "", {}, "sha512-Bq3SmSpyFHaWjPk8If9yc6svM8c56dB5BAtW4Qbw5jHTwwXXcTLoRMkpDJp6VL0XzlWaCHTXrkFURMYmD0sLqg=="],

    "ansi-styles": ["ansi-styles@6.2.3", "", {}, "sha512-4Dj6M28JB+oAH8kFkTLUo+a2jwOFkuqb3yucU0CANcRRUbxS0cP0nZYCGjcc3BNXwRIsUVmDGgzawme7zvJHvg=="],

    "cliui": ["cliui@9.0.1", "", { "dependencies": { "string-width": "^7.2.0", "strip-ansi": "^7.1.0", "wrap-ansi": "^9.0.0" } }, "sha512-k7ndgKhwoQveBL+/1tqGJYNz097I7WOvwbmmU2AR5+magtbjPWQTS1C5vzGkBC8Ym8UWRzfKUzUUqFLypY4Q+w=="],

    "emoji-regex": ["emoji-regex@10.6.0", "", {}, "sha512-toUI84YS5YmxW219erniWD0CIVOo46xGKColeNQRgOzDorgBi1v4D71/OFzgD9GO2UGKIv1C3Sp8DAn0+j5w7A=="],

    "escalade": ["escalade@3.2.0", "", {}, "sha512-WUj2qlxaQtO4g6Pq5c29GTcWGDyd8itL8zTlipgECz3JesAiiOKotd8JU6otB3PACgG6xkJUyVhboMS+bje/jA=="],

    "example": ["example@workspace:example"],

    "get-caller-file": ["get-caller-file@2.0.5", "", {}, "sha512-DyFP3BM/3YHTQOCUL/w0OZHR0lpKeGrxotcHWcqNEdnltqFwXVfhEBQ94eIo34AfQpo0rGki4cyIiftY06h2Fg=="],

    "get-east-asian-width": ["get-east-asian-width@1.5.0", "", {}, "sha512-CQ+bEO+Tva/qlmw24dCejulK5pMzVnUOFOijVogd3KQs07HnRIgp8TGipvCCRT06xeYEbpbgwaCxglFyiuIcmA=="],

    "string-width": ["string-width@7.2.0", "", { "dependencies": { "emoji-regex": "^10.3.0", "get-east-asian-width": "^1.0.0", "strip-ansi": "^7.1.0" } }, "sha512-tsaTIkKW9b4N+AEj+SVA+WhJzV7/zMhcSu78mLKWSk7cXMOSHsBKFWUs0fWwq8QyK3MgJBQRX6Gbi4kYbdvGkQ=="],

    "strip-ansi": ["strip-ansi@7.2.0", "", { "dependencies": { "ansi-regex": "^6.2.2" } }, "sha512-yDPMNjp4WyfYBkHnjIRLfca1i6KMyGCtsVgoKe/z1+6vukgaENdgGBZt+ZmKPc4gavvEZ5OgHfHdrazhgNyG7w=="],

    "typescript": ["typescript@6.0.2", "", { "bin": { "tsc": "bin/tsc", "tsserver": "bin/tsserver" } }, "sha512-bGdAIrZ0wiGDo5l8c++HWtbaNCWTS4UTv7RaTH/ThVIgjkveJt83m74bBHMJkuCbslY8ixgLBVZJIOiQlQTjfQ=="],

    "wrap-ansi": ["wrap-ansi@9.0.2", "", { "dependencies": { "ansi-styles": "^6.2.1", "string-width": "^7.0.0", "strip-ansi": "^7.1.0" } }, "sha512-42AtmgqjV+X1VpdOfyTGOYRi0/zsoLqtXQckTmqTeybT+BDIbM/Guxo7x3pE2vtpr1ok6xRqM9OpBe+Jyoqyww=="],

    "y18n": ["y18n@5.0.8", "", {}, "sha512-0pfFzegeDWJHJIAmTLRP2DwHjdF5s7jo9tuztdQxAhINCdvS+3nGINqPd00AphqJR/0LhANUS6/+7SCb98YOfA=="],

    "yargs": ["yargs@18.0.0", "", { "dependencies": { "cliui": "^9.0.1", "escalade": "^3.1.1", "get-caller-file": "^2.0.5", "string-width": "^7.2.0", "y18n": "^5.0.5", "yargs-parser": "^22.0.0" } }, "sha512-4UEqdc2RYGHZc7Doyqkrqiln3p9X2DZVxaGbwhn2pi7MrRagKaOcIKe8L3OxYcbhXLgLFUS3zAYuQjKBQgmuNg=="],

    "yargs-parser": ["yargs-parser@22.0.0", "", {}, "sha512-rwu/ClNdSMpkSrUb+d6BRsSkLUq1fmfsY6TOpYzTwvwkg1/NRG85KBy3kq++A8LKQwX6lsu+aWad+2khvuXrqw=="],

    "zod": ["zod@4.3.6", "", {}, "sha512-rftlrkhHZOcjDwkGlnUtZZkvaPHCsDATp4pGpuOOMDaTdDDXF91wuVDJoWoPsKX/3YPQ5fHuF3STjcYyKr+Qhg=="],
  }
}
